
Microsoft Visual Studio Solution File, Format Version 12.00
# Visual Studio Version 17
VisualStudioVersion = 17.8.34408.163
MinimumVisualStudioVersion = 10.0.40219.1
Project("{9A19103F-16F7-4668-BE54-9A1E7A4F7556}") = "LearnCSharp", "HelloWorld\LearnCSharp.csproj", "{523A0C82-AEE9-4378-96F3-249AA4B96865}"
EndProject
Global
	GlobalSection(SolutionConfigurationPlatforms) = preSolution
		Debug|Any CPU = Debug|Any CPU
		Release|Any CPU = Release|Any CPU
	EndGlobalSection
	GlobalSection(ProjectConfigurationPlatforms) = postSolution
		{523A0C82-AEE9-4378-96F3-249AA4B96865}.Debug|Any CPU.ActiveCfg = Debug|Any CPU
		{523A0C82-AEE9-4378-96F3-249AA4B96865}.Debug|Any CPU.Build.0 = Debug|Any CPU
		{523A0C82-AEE9-4378-96F3-249AA4B96865}.Release|Any CPU.ActiveCfg = Release|Any CPU
		{523A0C82-AEE9-4378-96F3-249AA4B96865}.Release|Any CPU.Build.0 = Release|Any CPU
	EndGlobalSection
	GlobalSection(SolutionProperties) = preSolution
		HideSolutionNode = FALSE
	EndGlobalSection
	GlobalSection(ExtensibilityGlobals) = postSolution
		SolutionGuid = {03BCE98B-A37B-4B4B-8E85-6339C5ED3745}
	EndGlobalSection
EndGlobal
